
Microsoft Visual Studio Solution File, Format Version 12.00
# Visual Studio Version 16
VisualStudioVersion = 16.0.31702.278
MinimumVisualStudioVersion = 10.0.40219.1
Project("{9A19103F-16F7-4668-BE54-9A1E7A4F7556}") = "TestSonarqube", "TestSonarqube\TestSonarqube.csproj", "{2861515E-F908-4870-A5A0-5BBCAE4F1DDE}"
EndProject
Project("{9A19103F-16F7-4668-BE54-9A1E7A4F7556}") = "TestSonarqube.Bussiness", "TestSonarqube.Bussiness\TestSonarqube.Bussiness.csproj", "{9D9BC7E8-2A5B-46F0-B27D-D13F20E448AD}"
EndProject
Project("{9A19103F-16F7-4668-BE54-9A1E7A4F7556}") = "TestSonarqube.Domain", "TestSonarqube.Domain\TestSonarqube.Domain.csproj", "{8062D8EA-3A25-4600-A5C2-00973B0D561A}"
EndProject
Project("{9A19103F-16F7-4668-BE54-9A1E7A4F7556}") = "TestSonarqube.DataAccess", "TestSonarqube.DataAccess\TestSonarqube.DataAccess.csproj", "{C5C9E046-80E3-4379-A8B1-47A85880457A}"
EndProject
Project("{FAE04EC0-301F-11D3-BF4B-00C04F79EFBC}") = "TestProject", "TestProject\TestProject.csproj", "{34AD3A91-4608-47CF-BA81-EE31C499E72E}"
EndProject
Global
	GlobalSection(SolutionConfigurationPlatforms) = preSolution
		Debug|Any CPU = Debug|Any CPU
		Release|Any CPU = Release|Any CPU
	EndGlobalSection
	GlobalSection(ProjectConfigurationPlatforms) = postSolution
		{2861515E-F908-4870-A5A0-5BBCAE4F1DDE}.Debug|Any CPU.ActiveCfg = Debug|Any CPU
		{2861515E-F908-4870-A5A0-5BBCAE4F1DDE}.Debug|Any CPU.Build.0 = Debug|Any CPU
		{2861515E-F908-4870-A5A0-5BBCAE4F1DDE}.Release|Any CPU.ActiveCfg = Release|Any CPU
		{2861515E-F908-4870-A5A0-5BBCAE4F1DDE}.Release|Any CPU.Build.0 = Release|Any CPU
		{9D9BC7E8-2A5B-46F0-B27D-D13F20E448AD}.Debug|Any CPU.ActiveCfg = Debug|Any CPU
		{9D9BC7E8-2A5B-46F0-B27D-D13F20E448AD}.Debug|Any CPU.Build.0 = Debug|Any CPU
		{9D9BC7E8-2A5B-46F0-B27D-D13F20E448AD}.Release|Any CPU.ActiveCfg = Release|Any CPU
		{9D9BC7E8-2A5B-46F0-B27D-D13F20E448AD}.Release|Any CPU.Build.0 = Release|Any CPU
		{8062D8EA-3A25-4600-A5C2-00973B0D561A}.Debug|Any CPU.ActiveCfg = Debug|Any CPU
		{8062D8EA-3A25-4600-A5C2-00973B0D561A}.Debug|Any CPU.Build.0 = Debug|Any CPU
		{8062D8EA-3A25-4600-A5C2-00973B0D561A}.Release|Any CPU.ActiveCfg = Release|Any CPU
		{8062D8EA-3A25-4600-A5C2-00973B0D561A}.Release|Any CPU.Build.0 = Release|Any CPU
		{C5C9E046-80E3-4379-A8B1-47A85880457A}.Debug|Any CPU.ActiveCfg = Debug|Any CPU
		{C5C9E046-80E3-4379-A8B1-47A85880457A}.Debug|Any CPU.Build.0 = Debug|Any CPU
		{C5C9E046-80E3-4379-A8B1-47A85880457A}.Release|Any CPU.ActiveCfg = Release|Any CPU
		{C5C9E046-80E3-4379-A8B1-47A85880457A}.Release|Any CPU.Build.0 = Release|Any CPU
		{34AD3A91-4608-47CF-BA81-EE31C499E72E}.Debug|Any CPU.ActiveCfg = Debug|Any CPU
		{34AD3A91-4608-47CF-BA81-EE31C499E72E}.Debug|Any CPU.Build.0 = Debug|Any CPU
		{34AD3A91-4608-47CF-BA81-EE31C499E72E}.Release|Any CPU.ActiveCfg = Release|Any CPU
		{34AD3A91-4608-47CF-BA81-EE31C499E72E}.Release|Any CPU.Build.0 = Release|Any CPU
	EndGlobalSection
	GlobalSection(SolutionProperties) = preSolution
		HideSolutionNode = FALSE
	EndGlobalSection
	GlobalSection(ExtensibilityGlobals) = postSolution
		SolutionGuid = {708677B5-3AE5-40B6-B647-6D6AF7B1046D}
	EndGlobalSection
EndGlobal
